
Microsoft Visual Studio Solution File, Format Version 12.00
# Visual Studio Version 17
VisualStudioVersion = 17.11.35222.181
MinimumVisualStudioVersion = 10.0.40219.1
Project("{FAE04EC0-301F-11D3-BF4B-00C04F79EFBC}") = "Assignment2", "Assignment2\Assignment2.csproj", "{B5529B4B-8A73-4F32-AE51-6C7C91C35FDE}"
EndProject
Global
	GlobalSection(SolutionConfigurationPlatforms) = preSolution
		Debug|Any CPU = Debug|Any CPU
		Release|Any CPU = Release|Any CPU
	EndGlobalSection
	GlobalSection(ProjectConfigurationPlatforms) = postSolution
		{B5529B4B-8A73-4F32-AE51-6C7C91C35FDE}.Debug|Any CPU.ActiveCfg = Debug|Any CPU
		{B5529B4B-8A73-4F32-AE51-6C7C91C35FDE}.Debug|Any CPU.Build.0 = Debug|Any CPU
		{B5529B4B-8A73-4F32-AE51-6C7C91C35FDE}.Release|Any CPU.ActiveCfg = Release|Any CPU
		{B5529B4B-8A73-4F32-AE51-6C7C91C35FDE}.Release|Any CPU.Build.0 = Release|Any CPU
	EndGlobalSection
	GlobalSection(SolutionProperties) = preSolution
		HideSolutionNode = FALSE
	EndGlobalSection
	GlobalSection(ExtensibilityGlobals) = postSolution
		SolutionGuid = {460CDA51-176E-4425-A678-463212D41F19}
	EndGlobalSection
EndGlobal
